// !$*UTF8*$!
{
	archiveVersion = 1;
	classes = {
	};
	objectVersion = 77;
	objects = {

/* Begin PBXContainerItemProxy section */
		9C8CD10D2CB1ACB000CD3A5E /* PBXContainerItemProxy */ = {
			isa = PBXContainerItemProxy;
			containerPortal = 9C8CD0EE2CB1ACAE00CD3A5E /* Project object */;
			proxyType = 1;
			remoteGlobalIDString = 9C8CD0F52CB1ACAE00CD3A5E;
			remoteInfo = background_timer_gpt;
		};
		9C8CD1172CB1ACB000CD3A5E /* PBXContainerItemProxy */ = {
			isa = PBXContainerItemProxy;
			containerPortal = 9C8CD0EE2CB1ACAE00CD3A5E /* Project object */;
			proxyType = 1;
			remoteGlobalIDString = 9C8CD0F52CB1ACAE00CD3A5E;
			remoteInfo = background_timer_gpt;
		};
/* End PBXContainerItemProxy section */

/* Begin PBXFileReference section */
		9C8CD0F62CB1ACAE00CD3A5E /* background_timer_gpt.app */ = {isa = PBXFileReference; explicitFileType = wrapper.application; includeInIndex = 0; path = background_timer_gpt.app; sourceTree = BUILT_PRODUCTS_DIR; };
		9C8CD10C2CB1ACB000CD3A5E /* background_timer_gptTests.xctest */ = {isa = PBXFileReference; explicitFileType = wrapper.cfbundle; includeInIndex = 0; path = background_timer_gptTests.xctest; sourceTree = BUILT_PRODUCTS_DIR; };
		9C8CD1162CB1ACB000CD3A5E /* background_timer_gptUITests.xctest */ = {isa = PBXFileReference; explicitFileType = wrapper.cfbundle; includeInIndex = 0; path = background_timer_gptUITests.xctest; sourceTree = BUILT_PRODUCTS_DIR; };
/* End PBXFileReference section */

/* Begin PBXFileSystemSynchronizedBuildFileExceptionSet section */
		9C8CD11E2CB1ACB000CD3A5E /* Exceptions for "background_timer_gpt" folder in "background_timer_gpt" target */ = {
			isa = PBXFileSystemSynchronizedBuildFileExceptionSet;
			membershipExceptions = (
				Info.plist,
			);
			target = 9C8CD0F52CB1ACAE00CD3A5E /* background_timer_gpt */;
		};
/* End PBXFileSystemSynchronizedBuildFileExceptionSet section */

/* Begin PBXFileSystemSynchronizedRootGroup section */
		9C8CD0F82CB1ACAE00CD3A5E /* background_timer_gpt */ = {
			isa = PBXFileSystemSynchronizedRootGroup;
			exceptions = (
				9C8CD11E2CB1ACB000CD3A5E /* Exceptions for "background_timer_gpt" folder in "background_timer_gpt" target */,
			);
			path = background_timer_gpt;
			sourceTree = "<group>";
		};
		9C8CD10F2CB1ACB000CD3A5E /* background_timer_gptTests */ = {
			isa = PBXFileSystemSynchronizedRootGroup;
			path = background_timer_gptTests;
			sourceTree = "<group>";
		};
		9C8CD1192CB1ACB000CD3A5E /* background_timer_gptUITests */ = {
			isa = PBXFileSystemSynchronizedRootGroup;
			path = background_timer_gptUITests;
			sourceTree = "<group>";
		};
/* End PBXFileSystemSynchronizedRootGroup section */

/* Begin PBXFrameworksBuildPhase section */
		9C8CD0F32CB1ACAE00CD3A5E /* Frameworks */ = {
			isa = PBXFrameworksBuildPhase;
			buildActionMask = 2147483647;
			files = (
			);
			runOnlyForDeploymentPostprocessing = 0;
		};
		9C8CD1092CB1ACB000CD3A5E /* Frameworks */ = {
			isa = PBXFrameworksBuildPhase;
			buildActionMask = 2147483647;
			files = (
			);
			runOnlyForDeploymentPostprocessing = 0;
		};
		9C8CD1132CB1ACB000CD3A5E /* Frameworks */ = {
			isa = PBXFrameworksBuildPhase;
			buildActionMask = 2147483647;
			files = (
			);
			runOnlyForDeploymentPostprocessing = 0;
		};
/* End PBXFrameworksBuildPhase section */

/* Begin PBXGroup section */
		9C8CD0ED2CB1ACAE00CD3A5E = {
			isa = PBXGroup;
			children = (
				9C8CD0F82CB1ACAE00CD3A5E /* background_timer_gpt */,
				9C8CD10F2CB1ACB000CD3A5E /* background_timer_gptTests */,
				9C8CD1192CB1ACB000CD3A5E /* background_timer_gptUITests */,
				9C8CD0F72CB1ACAE00CD3A5E /* Products */,
			);
			sourceTree = "<group>";
		};
		9C8CD0F72CB1ACAE00CD3A5E /* Products */ = {
			isa = PBXGroup;
			children = (
				9C8CD0F62CB1ACAE00CD3A5E /* background_timer_gpt.app */,
				9C8CD10C2CB1ACB000CD3A5E /* background_timer_gptTests.xctest */,
				9C8CD1162CB1ACB000CD3A5E /* background_timer_gptUITests.xctest */,
			);
			name = Products;
			sourceTree = "<group>";
		};
/* End PBXGroup section */

/* Begin PBXNativeTarget section */
		9C8CD0F52CB1ACAE00CD3A5E /* background_timer_gpt */ = {
			isa = PBXNativeTarget;
			buildConfigurationList = 9C8CD11F2CB1ACB000CD3A5E /* Build configuration list for PBXNativeTarget "background_timer_gpt" */;
			buildPhases = (
				9C8CD0F22CB1ACAE00CD3A5E /* Sources */,
				9C8CD0F32CB1ACAE00CD3A5E /* Frameworks */,
				9C8CD0F42CB1ACAE00CD3A5E /* Resources */,
			);
			buildRules = (
			);
			dependencies = (
			);
			fileSystemSynchronizedGroups = (
				9C8CD0F82CB1ACAE00CD3A5E /* background_timer_gpt */,
			);
			name = background_timer_gpt;
			packageProductDependencies = (
			);
			productName = background_timer_gpt;
			productReference = 9C8CD0F62CB1ACAE00CD3A5E /* background_timer_gpt.app */;
			productType = "com.apple.product-type.application";
		};
		9C8CD10B2CB1ACB000CD3A5E /* background_timer_gptTests */ = {
			isa = PBXNativeTarget;
			buildConfigurationList = 9C8CD1242CB1ACB000CD3A5E /* Build configuration list for PBXNativeTarget "background_timer_gptTests" */;
			buildPhases = (
				9C8CD1082CB1ACB000CD3A5E /* Sources */,
				9C8CD1092CB1ACB000CD3A5E /* Frameworks */,
				9C8CD10A2CB1ACB000CD3A5E /* Resources */,
			);
			buildRules = (
			);
			dependencies = (
				9C8CD10E2CB1ACB000CD3A5E /* PBXTargetDependency */,
			);
			fileSystemSynchronizedGroups = (
				9C8CD10F2CB1ACB000CD3A5E /* background_timer_gptTests */,
			);
			name = background_timer_gptTests;
			packageProductDependencies = (
			);
			productName = background_timer_gptTests;
			productReference = 9C8CD10C2CB1ACB000CD3A5E /* background_timer_gptTests.xctest */;
			productType = "com.apple.product-type.bundle.unit-test";
		};
		9C8CD1152CB1ACB000CD3A5E /* background_timer_gptUITests */ = {
			isa = PBXNativeTarget;
			buildConfigurationList = 9C8CD1272CB1ACB000CD3A5E /* Build configuration list for PBXNativeTarget "background_timer_gptUITests" */;
			buildPhases = (
				9C8CD1122CB1ACB000CD3A5E /* Sources */,
				9C8CD1132CB1ACB000CD3A5E /* Frameworks */,
				9C8CD1142CB1ACB000CD3A5E /* Resources */,
			);
			buildRules = (
			);
			dependencies = (
				9C8CD1182CB1ACB000CD3A5E /* PBXTargetDependency */,
			);
			fileSystemSynchronizedGroups = (
				9C8CD1192CB1ACB000CD3A5E /* background_timer_gptUITests */,
			);
			name = background_timer_gptUITests;
			packageProductDependencies = (
			);
			productName = background_timer_gptUITests;
			productReference = 9C8CD1162CB1ACB000CD3A5E /* background_timer_gptUITests.xctest */;
			productType = "com.apple.product-type.bundle.ui-testing";
		};
/* End PBXNativeTarget section */

/* Begin PBXProject section */
		9C8CD0EE2CB1ACAE00CD3A5E /* Project object */ = {
			isa = PBXProject;
			attributes = {
				BuildIndependentTargetsInParallel = 1;
				LastSwiftUpdateCheck = 1600;
				LastUpgradeCheck = 1600;
				TargetAttributes = {
					9C8CD0F52CB1ACAE00CD3A5E = {
						CreatedOnToolsVersion = 16.0;
					};
					9C8CD10B2CB1ACB000CD3A5E = {
						CreatedOnToolsVersion = 16.0;
						TestTargetID = 9C8CD0F52CB1ACAE00CD3A5E;
					};
					9C8CD1152CB1ACB000CD3A5E = {
						CreatedOnToolsVersion = 16.0;
						TestTargetID = 9C8CD0F52CB1ACAE00CD3A5E;
					};
				};
			};
			buildConfigurationList = 9C8CD0F12CB1ACAE00CD3A5E /* Build configuration list for PBXProject "background_timer_gpt" */;
			developmentRegion = en;
			hasScannedForEncodings = 0;
			knownRegions = (
				en,
				Base,
			);
			mainGroup = 9C8CD0ED2CB1ACAE00CD3A5E;
			minimizedProjectReferenceProxies = 1;
			preferredProjectObjectVersion = 77;
			productRefGroup = 9C8CD0F72CB1ACAE00CD3A5E /* Products */;
			projectDirPath = "";
			projectRoot = "";
			targets = (
				9C8CD0F52CB1ACAE00CD3A5E /* background_timer_gpt */,
				9C8CD10B2CB1ACB000CD3A5E /* background_timer_gptTests */,
				9C8CD1152CB1ACB000CD3A5E /* background_timer_gptUITests */,
			);
		};
/* End PBXProject section */

/* Begin PBXResourcesBuildPhase section */
		9C8CD0F42CB1ACAE00CD3A5E /* Resources */ = {
			isa = PBXResourcesBuildPhase;
			buildActionMask = 2147483647;
			files = (
			);
			runOnlyForDeploymentPostprocessing = 0;
		};
		9C8CD10A2CB1ACB000CD3A5E /* Resources */ = {
			isa = PBXResourcesBuildPhase;
			buildActionMask = 2147483647;
			files = (
			);
			runOnlyForDeploymentPostprocessing = 0;
		};
		9C8CD1142CB1ACB000CD3A5E /* Resources */ = {
			isa = PBXResourcesBuildPhase;
			buildActionMask = 2147483647;
			files = (
			);
			runOnlyForDeploymentPostprocessing = 0;
		};
/* End PBXResourcesBuildPhase section */

/* Begin PBXSourcesBuildPhase section */
		9C8CD0F22CB1ACAE00CD3A5E /* Sources */ = {
			isa = PBXSourcesBuildPhase;
			buildActionMask = 2147483647;
			files = (
			);
			runOnlyForDeploymentPostprocessing = 0;
		};
		9C8CD1082CB1ACB000CD3A5E /* Sources */ = {
			isa = PBXSourcesBuildPhase;
			buildActionMask = 2147483647;
			files = (
			);
			runOnlyForDeploymentPostprocessing = 0;
		};
		9C8CD1122CB1ACB000CD3A5E /* Sources */ = {
			isa = PBXSourcesBuildPhase;
			buildActionMask = 2147483647;
			files = (
			);
			runOnlyForDeploymentPostprocessing = 0;
		};
/* End PBXSourcesBuildPhase section */

/* Begin PBXTargetDependency section */
		9C8CD10E2CB1ACB000CD3A5E /* PBXTargetDependency */ = {
			isa = PBXTargetDependency;
			target = 9C8CD0F52CB1ACAE00CD3A5E /* background_timer_gpt */;
			targetProxy = 9C8CD10D2CB1ACB000CD3A5E /* PBXContainerItemProxy */;
		};
		9C8CD1182CB1ACB000CD3A5E /* PBXTargetDependency */ = {
			isa = PBXTargetDependency;
			target = 9C8CD0F52CB1ACAE00CD3A5E /* background_timer_gpt */;
			targetProxy = 9C8CD1172CB1ACB000CD3A5E /* PBXContainerItemProxy */;
		};
/* End PBXTargetDependency section */

/* Begin XCBuildConfiguration section */
		9C8CD1202CB1ACB000CD3A5E /* Debug */ = {
			isa = XCBuildConfiguration;
			buildSettings = {
				ASSETCATALOG_COMPILER_APPICON_NAME = AppIcon;
				ASSETCATALOG_COMPILER_GLOBAL_ACCENT_COLOR_NAME = AccentColor;
				CODE_SIGN_STYLE = Automatic;
				CURRENT_PROJECT_VERSION = 1;
				DEVELOPMENT_TEAM = W6MU8F6JRY;
				GENERATE_INFOPLIST_FILE = YES;
				INFOPLIST_FILE = background_timer_gpt/Info.plist;
				INFOPLIST_KEY_UIApplicationSupportsIndirectInputEvents = YES;
				INFOPLIST_KEY_UILaunchStoryboardName = LaunchScreen;
				INFOPLIST_KEY_UIMainStoryboardFile = Main;
				INFOPLIST_KEY_UISupportedInterfaceOrientations_iPad = "UIInterfaceOrientationPortrait UIInterfaceOrientationPortraitUpsideDown UIInterfaceOrientationLandscapeLeft UIInterfaceOrientationLandscapeRight";
				INFOPLIST_KEY_UISupportedInterfaceOrientations_iPhone = "UIInterfaceOrientationPortrait UIInterfaceOrientationLandscapeLeft UIInterfaceOrientationLandscapeRight";
				LD_RUNPATH_SEARCH_PATHS = (
					"$(inherited)",
					"@executable_path/Frameworks",
				);
				MARKETING_VERSION = 1.0;
				PRODUCT_BUNDLE_IDENTIFIER = "ar.background-timer-gpt";
				PRODUCT_NAME = "$(TARGET_NAME)";
				SWIFT_EMIT_LOC_STRINGS = YES;
				SWIFT_VERSION = 5.0;
				TARGETED_DEVICE_FAMILY = "1,2";
			};
			name = Debug;
		};
		9C8CD1212CB1ACB000CD3A5E /* Release */ = {
			isa = XCBuildConfiguration;
			buildSettings = {
				ASSETCATALOG_COMPILER_APPICON_NAME = AppIcon;
				ASSETCATALOG_COMPILER_GLOBAL_ACCENT_COLOR_NAME = AccentColor;
				CODE_SIGN_STYLE = Automatic;
				CURRENT_PROJECT_VERSION = 1;
				DEVELOPMENT_TEAM = W6MU8F6JRY;
				GENERATE_INFOPLIST_FILE = YES;
				INFOPLIST_FILE = background_timer_gpt/Info.plist;
				INFOPLIST_KEY_UIApplicationSupportsIndirectInputEvents = YES;
				INFOPLIST_KEY_UILaunchStoryboardName = LaunchScreen;
				INFOPLIST_KEY_UIMainStoryboardFile = Main;
				INFOPLIST_KEY_UISupportedInterfaceOrientations_iPad = "UIInterfaceOrientationPortrait UIInterfaceOrientationPortraitUpsideDown UIInterfaceOrientationLandscapeLeft UIInterfaceOrientationLandscapeRight";
				INFOPLIST_KEY_UISupportedInterfaceOrientations_iPhone = "UIInterfaceOrientationPortrait UIInterfaceOrientationLandscapeLeft UIInterfaceOrientationLandscapeRight";
				LD_RUNPATH_SEARCH_PATHS = (
					"$(inherited)",
					"@executable_path/Frameworks",
				);
				MARKETING_VERSION = 1.0;
				PRODUCT_BUNDLE_IDENTIFIER = "ar.background-timer-gpt";
				PRODUCT_NAME = "$(TARGET_NAME)";
				SWIFT_EMIT_LOC_STRINGS = YES;
				SWIFT_VERSION = 5.0;
				TARGETED_DEVICE_FAMILY = "1,2";
			};
			name = Release;
		};
		9C8CD1222CB1ACB000CD3A5E /* Debug */ = {
			isa = XCBuildConfiguration;
			buildSettings = {
				ALWAYS_SEARCH_USER_PATHS = NO;
				ASSETCATALOG_COMPILER_GENERATE_SWIFT_ASSET_SYMBOL_EXTENSIONS = YES;
				CLANG_ANALYZER_NONNULL = YES;
				CLANG_ANALYZER_NUMBER_OBJECT_CONVERSION = YES_AGGRESSIVE;
				CLANG_CXX_LANGUAGE_STANDARD = "gnu++20";
				CLANG_ENABLE_MODULES = YES;
				CLANG_ENABLE_OBJC_ARC = YES;
				CLANG_ENABLE_OBJC_WEAK = YES;
				CLANG_WARN_BLOCK_CAPTURE_AUTORELEASING = YES;
				CLANG_WARN_BOOL_CONVERSION = YES;
				CLANG_WARN_COMMA = YES;
				CLANG_WARN_CONSTANT_CONVERSION = YES;
				CLANG_WARN_DEPRECATED_OBJC_IMPLEMENTATIONS = YES;
				CLANG_WARN_DIRECT_OBJC_ISA_USAGE = YES_ERROR;
				CLANG_WARN_DOCUMENTATION_COMMENTS = YES;
				CLANG_WARN_EMPTY_BODY = YES;
				CLANG_WARN_ENUM_CONVERSION = YES;
				CLANG_WARN_INFINITE_RECURSION = YES;
				CLANG_WARN_INT_CONVERSION = YES;
				CLANG_WARN_NON_LITERAL_NULL_CONVERSION = YES;
				CLANG_WARN_OBJC_IMPLICIT_RETAIN_SELF = YES;
				CLANG_WARN_OBJC_LITERAL_CONVERSION = YES;
				CLANG_WARN_OBJC_ROOT_CLASS = YES_ERROR;
				CLANG_WARN_QUOTED_INCLUDE_IN_FRAMEWORK_HEADER = YES;
				CLANG_WARN_RANGE_LOOP_ANALYSIS = YES;
				CLANG_WARN_STRICT_PROTOTYPES = YES;
				CLANG_WARN_SUSPICIOUS_MOVE = YES;
				CLANG_WARN_UNGUARDED_AVAILABILITY = YES_AGGRESSIVE;
				CLANG_WARN_UNREACHABLE_CODE = YES;
				CLANG_WARN__DUPLICATE_METHOD_MATCH = YES;
				COPY_PHASE_STRIP = NO;
				DEBUG_INFORMATION_FORMAT = dwarf;
				ENABLE_STRICT_OBJC_MSGSEND = YES;
				ENABLE_TESTABILITY = YES;
				ENABLE_USER_SCRIPT_SANDBOXING = YES;
				GCC_C_LANGUAGE_STANDARD = gnu17;
				GCC_DYNAMIC_NO_PIC = NO;
				GCC_NO_COMMON_BLOCKS = YES;
				GCC_OPTIMIZATION_LEVEL = 0;
				GCC_PREPROCESSOR_DEFINITIONS = (
					"DEBUG=1",
					"$(inherited)",
				);
				GCC_WARN_64_TO_32_BIT_CONVERSION = YES;
				GCC_WARN_ABOUT_RETURN_TYPE = YES_ERROR;
				GCC_WARN_UNDECLARED_SELECTOR = YES;
				GCC_WARN_UNINITIALIZED_AUTOS = YES_AGGRESSIVE;
				GCC_WARN_UNUSED_FUNCTION = YES;
				GCC_WARN_UNUSED_VARIABLE = YES;
				IPHONEOS_DEPLOYMENT_TARGET = 18.0;
				LOCALIZATION_PREFERS_STRING_CATALOGS = YES;
				MTL_ENABLE_DEBUG_INFO = INCLUDE_SOURCE;
				MTL_FAST_MATH = YES;
				ONLY_ACTIVE_ARCH = YES;
				SDKROOT = iphoneos;
				SWIFT_ACTIVE_COMPILATION_CONDITIONS = "DEBUG $(inherited)";
				SWIFT_OPTIMIZATION_LEVEL = "-Onone";
			};
			name = Debug;
		};
		9C8CD1232CB1ACB000CD3A5E /* Release */ = {
			isa = XCBuildConfiguration;
			buildSettings = {
				ALWAYS_SEARCH_USER_PATHS = NO;
				ASSETCATALOG_COMPILER_GENERATE_SWIFT_ASSET_SYMBOL_EXTENSIONS = YES;
				CLANG_ANALYZER_NONNULL = YES;
				CLANG_ANALYZER_NUMBER_OBJECT_CONVERSION = YES_AGGRESSIVE;
				CLANG_CXX_LANGUAGE_STANDARD = "gnu++20";
				CLANG_ENABLE_MODULES = YES;
				CLANG_ENABLE_OBJC_ARC = YES;
				CLANG_ENABLE_OBJC_WEAK = YES;
				CLANG_WARN_BLOCK_CAPTURE_AUTORELEASING = YES;
				CLANG_WARN_BOOL_CONVERSION = YES;
				CLANG_WARN_COMMA = YES;
				CLANG_WARN_CONSTANT_CONVERSION = YES;
				CLANG_WARN_DEPRECATED_OBJC_IMPLEMENTATIONS = YES;
				CLANG_WARN_DIRECT_OBJC_ISA_USAGE = YES_ERROR;
				CLANG_WARN_DOCUMENTATION_COMMENTS = YES;
				CLANG_WARN_EMPTY_BODY = YES;
				CLANG_WARN_ENUM_CONVERSION = YES;
				CLANG_WARN_INFINITE_RECURSION = YES;
				CLANG_WARN_INT_CONVERSION = YES;
				CLANG_WARN_NON_LITERAL_NULL_CONVERSION = YES;
				CLANG_WARN_OBJC_IMPLICIT_RETAIN_SELF = YES;
				CLANG_WARN_OBJC_LITERAL_CONVERSION = YES;
				CLANG_WARN_OBJC_ROOT_CLASS = YES_ERROR;
				CLANG_WARN_QUOTED_INCLUDE_IN_FRAMEWORK_HEADER = YES;
				CLANG_WARN_RANGE_LOOP_ANALYSIS = YES;
				CLANG_WARN_STRICT_PROTOTYPES = YES;
				CLANG_WARN_SUSPICIOUS_MOVE = YES;
				CLANG_WARN_UNGUARDED_AVAILABILITY = YES_AGGRESSIVE;
				CLANG_WARN_UNREACHABLE_CODE = YES;
				CLANG_WARN__DUPLICATE_METHOD_MATCH = YES;
				COPY_PHASE_STRIP = NO;
				DEBUG_INFORMATION_FORMAT = "dwarf-with-dsym";
				ENABLE_NS_ASSERTIONS = NO;
				ENABLE_STRICT_OBJC_MSGSEND = YES;
				ENABLE_USER_SCRIPT_SANDBOXING = YES;
				GCC_C_LANGUAGE_STANDARD = gnu17;
				GCC_NO_COMMON_BLOCKS = YES;
				GCC_WARN_64_TO_32_BIT_CONVERSION = YES;
				GCC_WARN_ABOUT_RETURN_TYPE = YES_ERROR;
				GCC_WARN_UNDECLARED_SELECTOR = YES;
				GCC_WARN_UNINITIALIZED_AUTOS = YES_AGGRESSIVE;
				GCC_WARN_UNUSED_FUNCTION = YES;
				GCC_WARN_UNUSED_VARIABLE = YES;
				IPHONEOS_DEPLOYMENT_TARGET = 18.0;
				LOCALIZATION_PREFERS_STRING_CATALOGS = YES;
				MTL_ENABLE_DEBUG_INFO = NO;
				MTL_FAST_MATH = YES;
				SDKROOT = iphoneos;
				SWIFT_COMPILATION_MODE = wholemodule;
				VALIDATE_PRODUCT = YES;
			};
			name = Release;
		};
		9C8CD1252CB1ACB000CD3A5E /* Debug */ = {
			isa = XCBuildConfiguration;
			buildSettings = {
				BUNDLE_LOADER = "$(TEST_HOST)";
				CODE_SIGN_STYLE = Automatic;
				CURRENT_PROJECT_VERSION = 1;
				DEVELOPMENT_TEAM = W6MU8F6JRY;
				GENERATE_INFOPLIST_FILE = YES;
				IPHONEOS_DEPLOYMENT_TARGET = 18.0;
				MARKETING_VERSION = 1.0;
				PRODUCT_BUNDLE_IDENTIFIER = "ar.background-timer-gptTests";
				PRODUCT_NAME = "$(TARGET_NAME)";
				SWIFT_EMIT_LOC_STRINGS = NO;
				SWIFT_VERSION = 5.0;
				TARGETED_DEVICE_FAMILY = "1,2";
				TEST_HOST = "$(BUILT_PRODUCTS_DIR)/background_timer_gpt.app/$(BUNDLE_EXECUTABLE_FOLDER_PATH)/background_timer_gpt";
			};
			name = Debug;
		};
		9C8CD1262CB1ACB000CD3A5E /* Release */ = {
			isa = XCBuildConfiguration;
			buildSettings = {
				BUNDLE_LOADER = "$(TEST_HOST)";
				CODE_SIGN_STYLE = Automatic;
				CURRENT_PROJECT_VERSION = 1;
				DEVELOPMENT_TEAM = W6MU8F6JRY;
				GENERATE_INFOPLIST_FILE = YES;
				IPHONEOS_DEPLOYMENT_TARGET = 18.0;
				MARKETING_VERSION = 1.0;
				PRODUCT_BUNDLE_IDENTIFIER = "ar.background-timer-gptTests";
				PRODUCT_NAME = "$(TARGET_NAME)";
				SWIFT_EMIT_LOC_STRINGS = NO;
				SWIFT_VERSION = 5.0;
				TARGETED_DEVICE_FAMILY = "1,2";
				TEST_HOST = "$(BUILT_PRODUCTS_DIR)/background_timer_gpt.app/$(BUNDLE_EXECUTABLE_FOLDER_PATH)/background_timer_gpt";
			};
			name = Release;
		};
		9C8CD1282CB1ACB000CD3A5E /* Debug */ = {
			isa = XCBuildConfiguration;
			buildSettings = {
				CODE_SIGN_STYLE = Automatic;
				CURRENT_PROJECT_VERSION = 1;
				DEVELOPMENT_TEAM = W6MU8F6JRY;
				GENERATE_INFOPLIST_FILE = YES;
				MARKETING_VERSION = 1.0;
				PRODUCT_BUNDLE_IDENTIFIER = "ar.background-timer-gptUITests";
				PRODUCT_NAME = "$(TARGET_NAME)";
				SWIFT_EMIT_LOC_STRINGS = NO;
				SWIFT_VERSION = 5.0;
				TARGETED_DEVICE_FAMILY = "1,2";
				TEST_TARGET_NAME = background_timer_gpt;
			};
			name = Debug;
		};
		9C8CD1292CB1ACB000CD3A5E /* Release */ = {
			isa = XCBuildConfiguration;
			buildSettings = {
				CODE_SIGN_STYLE = Automatic;
				CURRENT_PROJECT_VERSION = 1;
				DEVELOPMENT_TEAM = W6MU8F6JRY;
				GENERATE_INFOPLIST_FILE = YES;
				MARKETING_VERSION = 1.0;
				PRODUCT_BUNDLE_IDENTIFIER = "ar.background-timer-gptUITests";
				PRODUCT_NAME = "$(TARGET_NAME)";
				SWIFT_EMIT_LOC_STRINGS = NO;
				SWIFT_VERSION = 5.0;
				TARGETED_DEVICE_FAMILY = "1,2";
				TEST_TARGET_NAME = background_timer_gpt;
			};
			name = Release;
		};
/* End XCBuildConfiguration section */

/* Begin XCConfigurationList section */
		9C8CD0F12CB1ACAE00CD3A5E /* Build configuration list for PBXProject "background_timer_gpt" */ = {
			isa = XCConfigurationList;
			buildConfigurations = (
				9C8CD1222CB1ACB000CD3A5E /* Debug */,
				9C8CD1232CB1ACB000CD3A5E /* Release */,
			);
			defaultConfigurationIsVisible = 0;
			defaultConfigurationName = Release;
		};
		9C8CD11F2CB1ACB000CD3A5E /* Build configuration list for PBXNativeTarget "background_timer_gpt" */ = {
			isa = XCConfigurationList;
			buildConfigurations = (
				9C8CD1202CB1ACB000CD3A5E /* Debug */,
				9C8CD1212CB1ACB000CD3A5E /* Release */,
			);
			defaultConfigurationIsVisible = 0;
			defaultConfigurationName = Release;
		};
		9C8CD1242CB1ACB000CD3A5E /* Build configuration list for PBXNativeTarget "background_timer_gptTests" */ = {
			isa = XCConfigurationList;
			buildConfigurations = (
				9C8CD1252CB1ACB000CD3A5E /* Debug */,
				9C8CD1262CB1ACB000CD3A5E /* Release */,
			);
			defaultConfigurationIsVisible = 0;
			defaultConfigurationName = Release;
		};
		9C8CD1272CB1ACB000CD3A5E /* Build configuration list for PBXNativeTarget "background_timer_gptUITests" */ = {
			isa = XCConfigurationList;
			buildConfigurations = (
				9C8CD1282CB1ACB000CD3A5E /* Debug */,
				9C8CD1292CB1ACB000CD3A5E /* Release */,
			);
			defaultConfigurationIsVisible = 0;
			defaultConfigurationName = Release;
		};
/* End XCConfigurationList section */
	};
	rootObject = 9C8CD0EE2CB1ACAE00CD3A5E /* Project object */;
}
